// !$*UTF8*$!
{
	archiveVersion = 1;
	classes = {
	};
	objectVersion = 77;
	objects = {

/* Begin PBXBuildFile section */
		32C59C0F2F3F4079007F625D /* GoogleSignIn in Frameworks */ = {isa = PBXBuildFile; productRef = 32C59C0E2F3F4079007F625D /* GoogleSignIn */; };
		32C59C112F3F4079007F625D /* GoogleSignInSwift in Frameworks */ = {isa = PBXBuildFile; productRef = 32C59C102F3F4079007F625D /* GoogleSignInSwift */; };
		32C59C4B2F3F7DCB007F625D /* FirebaseAI in Frameworks */ = {isa = PBXBuildFile; productRef = 32C59C4A2F3F7DCB007F625D /* FirebaseAI */; };
		32C59C4D2F3F7DCB007F625D /* FirebaseAILogic in Frameworks */ = {isa = PBXBuildFile; productRef = 32C59C4C2F3F7DCB007F625D /* FirebaseAILogic */; };
		32C59C4F2F3F7DCB007F625D /* FirebaseAnalytics in Frameworks */ = {isa = PBXBuildFile; productRef = 32C59C4E2F3F7DCB007F625D /* FirebaseAnalytics */; };
		32C59C512F3F7DCB007F625D /* FirebaseAnalyticsCore in Frameworks */ = {isa = PBXBuildFile; productRef = 32C59C502F3F7DCB007F625D /* FirebaseAnalyticsCore */; };
		32C59C532F3F7DCB007F625D /* FirebaseAnalyticsIdentitySupport in Frameworks */ = {isa = PBXBuildFile; productRef = 32C59C522F3F7DCB007F625D /* FirebaseAnalyticsIdentitySupport */; };
		32C59C552F3F7DCB007F625D /* FirebaseAppCheck in Frameworks */ = {isa = PBXBuildFile; productRef = 32C59C542F3F7DCB007F625D /* FirebaseAppCheck */; };
		32C59C572F3F7DCB007F625D /* FirebaseAppDistribution-Beta in Frameworks */ = {isa = PBXBuildFile; productRef = 32C59C562F3F7DCB007F625D /* FirebaseAppDistribution-Beta */; };
		32C59C592F3F7DCB007F625D /* FirebaseAuth in Frameworks */ = {isa = PBXBuildFile; productRef = 32C59C582F3F7DCB007F625D /* FirebaseAuth */; };
		32C59C5B2F3F7DCB007F625D /* FirebaseAuthCombine-Community in Frameworks */ = {isa = PBXBuildFile; productRef = 32C59C5A2F3F7DCB007F625D /* FirebaseAuthCombine-Community */; };
		32C59C5D2F3F7DCB007F625D /* FirebaseCore in Frameworks */ = {isa = PBXBuildFile; productRef = 32C59C5C2F3F7DCB007F625D /* FirebaseCore */; };
		32C59C5F2F3F7DCB007F625D /* FirebaseCrashlytics in Frameworks */ = {isa = PBXBuildFile; productRef = 32C59C5E2F3F7DCB007F625D /* FirebaseCrashlytics */; };
		32C59C612F3F7DCB007F625D /* FirebaseDatabase in Frameworks */ = {isa = PBXBuildFile; productRef = 32C59C602F3F7DCB007F625D /* FirebaseDatabase */; };
		32C59C632F3F7DCB007F625D /* FirebaseFirestore in Frameworks */ = {isa = PBXBuildFile; productRef = 32C59C622F3F7DCB007F625D /* FirebaseFirestore */; };
		32C59C652F3F7DCB007F625D /* FirebaseFirestoreCombine-Community in Frameworks */ = {isa = PBXBuildFile; productRef = 32C59C642F3F7DCB007F625D /* FirebaseFirestoreCombine-Community */; };
		32C59C672F3F7DCB007F625D /* FirebaseFunctions in Frameworks */ = {isa = PBXBuildFile; productRef = 32C59C662F3F7DCB007F625D /* FirebaseFunctions */; };
		32C59C692F3F7DCB007F625D /* FirebaseFunctionsCombine-Community in Frameworks */ = {isa = PBXBuildFile; productRef = 32C59C682F3F7DCB007F625D /* FirebaseFunctionsCombine-Community */; };
		32C59C6B2F3F7DCB007F625D /* FirebaseInAppMessaging-Beta in Frameworks */ = {isa = PBXBuildFile; productRef = 32C59C6A2F3F7DCB007F625D /* FirebaseInAppMessaging-Beta */; };
		32C59C6D2F3F7DCB007F625D /* FirebaseInstallations in Frameworks */ = {isa = PBXBuildFile; productRef = 32C59C6C2F3F7DCB007F625D /* FirebaseInstallations */; };
		32C59C6F2F3F7DCB007F625D /* FirebaseMessaging in Frameworks */ = {isa = PBXBuildFile; productRef = 32C59C6E2F3F7DCB007F625D /* FirebaseMessaging */; };
		32C59C712F3F7DCB007F625D /* FirebaseMLModelDownloader in Frameworks */ = {isa = PBXBuildFile; productRef = 32C59C702F3F7DCB007F625D /* FirebaseMLModelDownloader */; };
		32C59C732F3F7DCB007F625D /* FirebasePerformance in Frameworks */ = {isa = PBXBuildFile; productRef = 32C59C722F3F7DCB007F625D /* FirebasePerformance */; };
		32C59C752F3F7DCB007F625D /* FirebaseRemoteConfig in Frameworks */ = {isa = PBXBuildFile; productRef = 32C59C742F3F7DCB007F625D /* FirebaseRemoteConfig */; };
		32C59C772F3F7DCB007F625D /* FirebaseStorage in Frameworks */ = {isa = PBXBuildFile; productRef = 32C59C762F3F7DCB007F625D /* FirebaseStorage */; };
		32C59C792F3F7DCB007F625D /* FirebaseStorageCombine-Community in Frameworks */ = {isa = PBXBuildFile; productRef = 32C59C782F3F7DCB007F625D /* FirebaseStorageCombine-Community */; };
/* End PBXBuildFile section */

/* Begin PBXFileReference section */
		323C9E3E2F3ED062009FDB80 /* app.app */ = {isa = PBXFileReference; explicitFileType = wrapper.application; includeInIndex = 0; path = app.app; sourceTree = BUILT_PRODUCTS_DIR; };
/* End PBXFileReference section */

/* Begin PBXFileSystemSynchronizedBuildFileExceptionSet section */
		32C59C822F3F8478007F625D /* Exceptions for "app" folder in "app" target */ = {
			isa = PBXFileSystemSynchronizedBuildFileExceptionSet;
			membershipExceptions = (
				Info.plist,
			);
			target = 323C9E3D2F3ED062009FDB80 /* app */;
		};
/* End PBXFileSystemSynchronizedBuildFileExceptionSet section */

/* Begin PBXFileSystemSynchronizedRootGroup section */
		323C9E402F3ED062009FDB80 /* app */ = {
			isa = PBXFileSystemSynchronizedRootGroup;
			exceptions = (
				32C59C822F3F8478007F625D /* Exceptions for "app" folder in "app" target */,
			);
			path = app;
			sourceTree = "<group>";
		};
/* End PBXFileSystemSynchronizedRootGroup section */

/* Begin PBXFrameworksBuildPhase section */
		323C9E3B2F3ED062009FDB80 /* Frameworks */ = {
			isa = PBXFrameworksBuildPhase;
			buildActionMask = 2147483647;
			files = (
				32C59C672F3F7DCB007F625D /* FirebaseFunctions in Frameworks */,
				32C59C552F3F7DCB007F625D /* FirebaseAppCheck in Frameworks */,
				32C59C592F3F7DCB007F625D /* FirebaseAuth in Frameworks */,
				32C59C772F3F7DCB007F625D /* FirebaseStorage in Frameworks */,
				32C59C4D2F3F7DCB007F625D /* FirebaseAILogic in Frameworks */,
				32C59C512F3F7DCB007F625D /* FirebaseAnalyticsCore in Frameworks */,
				32C59C0F2F3F4079007F625D /* GoogleSignIn in Frameworks */,
				32C59C532F3F7DCB007F625D /* FirebaseAnalyticsIdentitySupport in Frameworks */,
				32C59C712F3F7DCB007F625D /* FirebaseMLModelDownloader in Frameworks */,
				32C59C5B2F3F7DCB007F625D /* FirebaseAuthCombine-Community in Frameworks */,
				32C59C112F3F4079007F625D /* GoogleSignInSwift in Frameworks */,
				32C59C6F2F3F7DCB007F625D /* FirebaseMessaging in Frameworks */,
				32C59C632F3F7DCB007F625D /* FirebaseFirestore in Frameworks */,
				32C59C652F3F7DCB007F625D /* FirebaseFirestoreCombine-Community in Frameworks */,
				32C59C6B2F3F7DCB007F625D /* FirebaseInAppMessaging-Beta in Frameworks */,
				32C59C692F3F7DCB007F625D /* FirebaseFunctionsCombine-Community in Frameworks */,
				32C59C792F3F7DCB007F625D /* FirebaseStorageCombine-Community in Frameworks */,
				32C59C752F3F7DCB007F625D /* FirebaseRemoteConfig in Frameworks */,
				32C59C4F2F3F7DCB007F625D /* FirebaseAnalytics in Frameworks */,
				32C59C5F2F3F7DCB007F625D /* FirebaseCrashlytics in Frameworks */,
				32C59C732F3F7DCB007F625D /* FirebasePerformance in Frameworks */,
				32C59C4B2F3F7DCB007F625D /* FirebaseAI in Frameworks */,
				32C59C5D2F3F7DCB007F625D /* FirebaseCore in Frameworks */,
				32C59C612F3F7DCB007F625D /* FirebaseDatabase in Frameworks */,
				32C59C572F3F7DCB007F625D /* FirebaseAppDistribution-Beta in Frameworks */,
				32C59C6D2F3F7DCB007F625D /* FirebaseInstallations in Frameworks */,
			);
			runOnlyForDeploymentPostprocessing = 0;
		};
/* End PBXFrameworksBuildPhase section */

/* Begin PBXGroup section */
		323C9E352F3ED062009FDB80 = {
			isa = PBXGroup;
			children = (
				323C9E402F3ED062009FDB80 /* app */,
				32C59C492F3F7DCB007F625D /* Frameworks */,
				323C9E3F2F3ED062009FDB80 /* Products */,
			);
			sourceTree = "<group>";
		};
		323C9E3F2F3ED062009FDB80 /* Products */ = {
			isa = PBXGroup;
			children = (
				323C9E3E2F3ED062009FDB80 /* app.app */,
			);
			name = Products;
			sourceTree = "<group>";
		};
		32C59C492F3F7DCB007F625D /* Frameworks */ = {
			isa = PBXGroup;
			children = (
			);
			name = Frameworks;
			sourceTree = "<group>";
		};
/* End PBXGroup section */

/* Begin PBXNativeTarget section */
		323C9E3D2F3ED062009FDB80 /* app */ = {
			isa = PBXNativeTarget;
			buildConfigurationList = 323C9E492F3ED064009FDB80 /* Build configuration list for PBXNativeTarget "app" */;
			buildPhases = (
				323C9E3A2F3ED062009FDB80 /* Sources */,
				323C9E3B2F3ED062009FDB80 /* Frameworks */,
				323C9E3C2F3ED062009FDB80 /* Resources */,
			);
			buildRules = (
			);
			dependencies = (
				32C59C1A2F3F7D69007F625D /* PBXTargetDependency */,
				32C59C1C2F3F7D69007F625D /* PBXTargetDependency */,
				32C59C1E2F3F7D69007F625D /* PBXTargetDependency */,
				32C59C202F3F7D69007F625D /* PBXTargetDependency */,
				32C59C222F3F7D69007F625D /* PBXTargetDependency */,
				32C59C242F3F7D69007F625D /* PBXTargetDependency */,
				32C59C262F3F7D69007F625D /* PBXTargetDependency */,
				32C59C282F3F7D69007F625D /* PBXTargetDependency */,
				32C59C2A2F3F7D69007F625D /* PBXTargetDependency */,
				32C59C2C2F3F7D69007F625D /* PBXTargetDependency */,
				32C59C2E2F3F7D69007F625D /* PBXTargetDependency */,
				32C59C302F3F7D69007F625D /* PBXTargetDependency */,
				32C59C322F3F7D69007F625D /* PBXTargetDependency */,
				32C59C342F3F7D69007F625D /* PBXTargetDependency */,
				32C59C362F3F7D69007F625D /* PBXTargetDependency */,
				32C59C382F3F7D69007F625D /* PBXTargetDependency */,
				32C59C3A2F3F7D69007F625D /* PBXTargetDependency */,
				32C59C3C2F3F7D69007F625D /* PBXTargetDependency */,
				32C59C3E2F3F7D69007F625D /* PBXTargetDependency */,
				32C59C402F3F7D69007F625D /* PBXTargetDependency */,
				32C59C422F3F7D69007F625D /* PBXTargetDependency */,
				32C59C442F3F7D69007F625D /* PBXTargetDependency */,
				32C59C462F3F7D69007F625D /* PBXTargetDependency */,
				32C59C482F3F7D69007F625D /* PBXTargetDependency */,
				32C59C172F3F7CFF007F625D /* PBXTargetDependency */,
				32C59C152F3F7CFB007F625D /* PBXTargetDependency */,
			);
			fileSystemSynchronizedGroups = (
				323C9E402F3ED062009FDB80 /* app */,
			);
			name = app;
			packageProductDependencies = (
				32C59C0E2F3F4079007F625D /* GoogleSignIn */,
				32C59C102F3F4079007F625D /* GoogleSignInSwift */,
				32C59C4A2F3F7DCB007F625D /* FirebaseAI */,
				32C59C4C2F3F7DCB007F625D /* FirebaseAILogic */,
				32C59C4E2F3F7DCB007F625D /* FirebaseAnalytics */,
				32C59C502F3F7DCB007F625D /* FirebaseAnalyticsCore */,
				32C59C522F3F7DCB007F625D /* FirebaseAnalyticsIdentitySupport */,
				32C59C542F3F7DCB007F625D /* FirebaseAppCheck */,
				32C59C562F3F7DCB007F625D /* FirebaseAppDistribution-Beta */,
				32C59C582F3F7DCB007F625D /* FirebaseAuth */,
				32C59C5A2F3F7DCB007F625D /* FirebaseAuthCombine-Community */,
				32C59C5C2F3F7DCB007F625D /* FirebaseCore */,
				32C59C5E2F3F7DCB007F625D /* FirebaseCrashlytics */,
				32C59C602F3F7DCB007F625D /* FirebaseDatabase */,
				32C59C622F3F7DCB007F625D /* FirebaseFirestore */,
				32C59C642F3F7DCB007F625D /* FirebaseFirestoreCombine-Community */,
				32C59C662F3F7DCB007F625D /* FirebaseFunctions */,
				32C59C682F3F7DCB007F625D /* FirebaseFunctionsCombine-Community */,
				32C59C6A2F3F7DCB007F625D /* FirebaseInAppMessaging-Beta */,
				32C59C6C2F3F7DCB007F625D /* FirebaseInstallations */,
				32C59C6E2F3F7DCB007F625D /* FirebaseMessaging */,
				32C59C702F3F7DCB007F625D /* FirebaseMLModelDownloader */,
				32C59C722F3F7DCB007F625D /* FirebasePerformance */,
				32C59C742F3F7DCB007F625D /* FirebaseRemoteConfig */,
				32C59C762F3F7DCB007F625D /* FirebaseStorage */,
				32C59C782F3F7DCB007F625D /* FirebaseStorageCombine-Community */,
			);
			productName = app;
			productReference = 323C9E3E2F3ED062009FDB80 /* app.app */;
			productType = "com.apple.product-type.application";
		};
/* End PBXNativeTarget section */

/* Begin PBXProject section */
		323C9E362F3ED062009FDB80 /* Project object */ = {
			isa = PBXProject;
			attributes = {
				BuildIndependentTargetsInParallel = 1;
				LastSwiftUpdateCheck = 2620;
				LastUpgradeCheck = 2620;
				TargetAttributes = {
					323C9E3D2F3ED062009FDB80 = {
						CreatedOnToolsVersion = 26.2;
					};
				};
			};
			buildConfigurationList = 323C9E392F3ED062009FDB80 /* Build configuration list for PBXProject "app" */;
			developmentRegion = en;
			hasScannedForEncodings = 0;
			knownRegions = (
				en,
				Base,
			);
			mainGroup = 323C9E352F3ED062009FDB80;
			minimizedProjectReferenceProxies = 1;
			packageReferences = (
				32C59C0D2F3F4079007F625D /* XCRemoteSwiftPackageReference "GoogleSignIn-iOS" */,
				32C59C182F3F7D58007F625D /* XCRemoteSwiftPackageReference "firebase-ios-sdk" */,
			);
			preferredProjectObjectVersion = 77;
			productRefGroup = 323C9E3F2F3ED062009FDB80 /* Products */;
			projectDirPath = "";
			projectRoot = "";
			targets = (
				323C9E3D2F3ED062009FDB80 /* app */,
			);
		};
/* End PBXProject section */

/* Begin PBXResourcesBuildPhase section */
		323C9E3C2F3ED062009FDB80 /* Resources */ = {
			isa = PBXResourcesBuildPhase;
			buildActionMask = 2147483647;
			files = (
			);
			runOnlyForDeploymentPostprocessing = 0;
		};
/* End PBXResourcesBuildPhase section */

/* Begin PBXSourcesBuildPhase section */
		323C9E3A2F3ED062009FDB80 /* Sources */ = {
			isa = PBXSourcesBuildPhase;
			buildActionMask = 2147483647;
			files = (
			);
			runOnlyForDeploymentPostprocessing = 0;
		};
/* End PBXSourcesBuildPhase section */

/* Begin PBXTargetDependency section */
		32C59C152F3F7CFB007F625D /* PBXTargetDependency */ = {
			isa = PBXTargetDependency;
			productRef = 32C59C142F3F7CFB007F625D /* GoogleSignIn */;
		};
		32C59C172F3F7CFF007F625D /* PBXTargetDependency */ = {
			isa = PBXTargetDependency;
			productRef = 32C59C162F3F7CFF007F625D /* GoogleSignInSwift */;
		};
		32C59C1A2F3F7D69007F625D /* PBXTargetDependency */ = {
			isa = PBXTargetDependency;
			productRef = 32C59C192F3F7D69007F625D /* FirebaseAI */;
		};
		32C59C1C2F3F7D69007F625D /* PBXTargetDependency */ = {
			isa = PBXTargetDependency;
			productRef = 32C59C1B2F3F7D69007F625D /* FirebaseAILogic */;
		};
		32C59C1E2F3F7D69007F625D /* PBXTargetDependency */ = {
			isa = PBXTargetDependency;
			productRef = 32C59C1D2F3F7D69007F625D /* FirebaseAnalytics */;
		};
		32C59C202F3F7D69007F625D /* PBXTargetDependency */ = {
			isa = PBXTargetDependency;
			productRef = 32C59C1F2F3F7D69007F625D /* FirebaseAnalyticsCore */;
		};
		32C59C222F3F7D69007F625D /* PBXTargetDependency */ = {
			isa = PBXTargetDependency;
			productRef = 32C59C212F3F7D69007F625D /* FirebaseAnalyticsIdentitySupport */;
		};
		32C59C242F3F7D69007F625D /* PBXTargetDependency */ = {
			isa = PBXTargetDependency;
			productRef = 32C59C232F3F7D69007F625D /* FirebaseAppCheck */;
		};
		32C59C262F3F7D69007F625D /* PBXTargetDependency */ = {
			isa = PBXTargetDependency;
			productRef = 32C59C252F3F7D69007F625D /* FirebaseAppDistribution-Beta */;
		};
		32C59C282F3F7D69007F625D /* PBXTargetDependency */ = {
			isa = PBXTargetDependency;
			productRef = 32C59C272F3F7D69007F625D /* FirebaseAuth */;
		};
		32C59C2A2F3F7D69007F625D /* PBXTargetDependency */ = {
			isa = PBXTargetDependency;
			productRef = 32C59C292F3F7D69007F625D /* FirebaseAuthCombine-Community */;
		};
		32C59C2C2F3F7D69007F625D /* PBXTargetDependency */ = {
			isa = PBXTargetDependency;
			productRef = 32C59C2B2F3F7D69007F625D /* FirebaseCore */;
		};
		32C59C2E2F3F7D69007F625D /* PBXTargetDependency */ = {
			isa = PBXTargetDependency;
			productRef = 32C59C2D2F3F7D69007F625D /* FirebaseCrashlytics */;
		};
		32C59C302F3F7D69007F625D /* PBXTargetDependency */ = {
			isa = PBXTargetDependency;
			productRef = 32C59C2F2F3F7D69007F625D /* FirebaseDatabase */;
		};
		32C59C322F3F7D69007F625D /* PBXTargetDependency */ = {
			isa = PBXTargetDependency;
			productRef = 32C59C312F3F7D69007F625D /* FirebaseFirestore */;
		};
		32C59C342F3F7D69007F625D /* PBXTargetDependency */ = {
			isa = PBXTargetDependency;
			productRef = 32C59C332F3F7D69007F625D /* FirebaseFirestoreCombine-Community */;
		};
		32C59C362F3F7D69007F625D /* PBXTargetDependency */ = {
			isa = PBXTargetDependency;
			productRef = 32C59C352F3F7D69007F625D /* FirebaseFunctions */;
		};
		32C59C382F3F7D69007F625D /* PBXTargetDependency */ = {
			isa = PBXTargetDependency;
			productRef = 32C59C372F3F7D69007F625D /* FirebaseFunctionsCombine-Community */;
		};
		32C59C3A2F3F7D69007F625D /* PBXTargetDependency */ = {
			isa = PBXTargetDependency;
			productRef = 32C59C392F3F7D69007F625D /* FirebaseInAppMessaging-Beta */;
		};
		32C59C3C2F3F7D69007F625D /* PBXTargetDependency */ = {
			isa = PBXTargetDependency;
			productRef = 32C59C3B2F3F7D69007F625D /* FirebaseInstallations */;
		};
		32C59C3E2F3F7D69007F625D /* PBXTargetDependency */ = {
			isa = PBXTargetDependency;
			productRef = 32C59C3D2F3F7D69007F625D /* FirebaseMLModelDownloader */;
		};
		32C59C402F3F7D69007F625D /* PBXTargetDependency */ = {
			isa = PBXTargetDependency;
			productRef = 32C59C3F2F3F7D69007F625D /* FirebaseMessaging */;
		};
		32C59C422F3F7D69007F625D /* PBXTargetDependency */ = {
			isa = PBXTargetDependency;
			productRef = 32C59C412F3F7D69007F625D /* FirebasePerformance */;
		};
		32C59C442F3F7D69007F625D /* PBXTargetDependency */ = {
			isa = PBXTargetDependency;
			productRef = 32C59C432F3F7D69007F625D /* FirebaseRemoteConfig */;
		};
		32C59C462F3F7D69007F625D /* PBXTargetDependency */ = {
			isa = PBXTargetDependency;
			productRef = 32C59C452F3F7D69007F625D /* FirebaseStorage */;
		};
		32C59C482F3F7D69007F625D /* PBXTargetDependency */ = {
			isa = PBXTargetDependency;
			productRef = 32C59C472F3F7D69007F625D /* FirebaseStorageCombine-Community */;
		};
/* End PBXTargetDependency section */

/* Begin XCBuildConfiguration section */
		323C9E472F3ED064009FDB80 /* Debug */ = {
			isa = XCBuildConfiguration;
			buildSettings = {
				ALWAYS_SEARCH_USER_PATHS = NO;
				ASSETCATALOG_COMPILER_GENERATE_SWIFT_ASSET_SYMBOL_EXTENSIONS = YES;
				CLANG_ANALYZER_NONNULL = YES;
				CLANG_ANALYZER_NUMBER_OBJECT_CONVERSION = YES_AGGRESSIVE;
				CLANG_CXX_LANGUAGE_STANDARD = "gnu++20";
				CLANG_ENABLE_MODULES = YES;
				CLANG_ENABLE_OBJC_ARC = YES;
				CLANG_ENABLE_OBJC_WEAK = YES;
				CLANG_WARN_BLOCK_CAPTURE_AUTORELEASING = YES;
				CLANG_WARN_BOOL_CONVERSION = YES;
				CLANG_WARN_COMMA = YES;
				CLANG_WARN_CONSTANT_CONVERSION = YES;
				CLANG_WARN_DEPRECATED_OBJC_IMPLEMENTATIONS = YES;
				CLANG_WARN_DIRECT_OBJC_ISA_USAGE = YES_ERROR;
				CLANG_WARN_DOCUMENTATION_COMMENTS = YES;
				CLANG_WARN_EMPTY_BODY = YES;
				CLANG_WARN_ENUM_CONVERSION = YES;
				CLANG_WARN_INFINITE_RECURSION = YES;
				CLANG_WARN_INT_CONVERSION = YES;
				CLANG_WARN_NON_LITERAL_NULL_CONVERSION = YES;
				CLANG_WARN_OBJC_IMPLICIT_RETAIN_SELF = YES;
				CLANG_WARN_OBJC_LITERAL_CONVERSION = YES;
				CLANG_WARN_OBJC_ROOT_CLASS = YES_ERROR;
				CLANG_WARN_QUOTED_INCLUDE_IN_FRAMEWORK_HEADER = YES;
				CLANG_WARN_RANGE_LOOP_ANALYSIS = YES;
				CLANG_WARN_STRICT_PROTOTYPES = YES;
				CLANG_WARN_SUSPICIOUS_MOVE = YES;
				CLANG_WARN_UNGUARDED_AVAILABILITY = YES_AGGRESSIVE;
				CLANG_WARN_UNREACHABLE_CODE = YES;
				CLANG_WARN__DUPLICATE_METHOD_MATCH = YES;
				COPY_PHASE_STRIP = NO;
				DEBUG_INFORMATION_FORMAT = dwarf;
				DEVELOPMENT_TEAM = 927S35949J;
				ENABLE_STRICT_OBJC_MSGSEND = YES;
				ENABLE_TESTABILITY = YES;
				ENABLE_USER_SCRIPT_SANDBOXING = YES;
				GCC_C_LANGUAGE_STANDARD = gnu17;
				GCC_DYNAMIC_NO_PIC = NO;
				GCC_NO_COMMON_BLOCKS = YES;
				GCC_OPTIMIZATION_LEVEL = 0;
				GCC_PREPROCESSOR_DEFINITIONS = (
					"DEBUG=1",
					"$(inherited)",
				);
				GCC_WARN_64_TO_32_BIT_CONVERSION = YES;
				GCC_WARN_ABOUT_RETURN_TYPE = YES_ERROR;
				GCC_WARN_UNDECLARED_SELECTOR = YES;
				GCC_WARN_UNINITIALIZED_AUTOS = YES_AGGRESSIVE;
				GCC_WARN_UNUSED_FUNCTION = YES;
				GCC_WARN_UNUSED_VARIABLE = YES;
				IPHONEOS_DEPLOYMENT_TARGET = 26.2;
				LOCALIZATION_PREFERS_STRING_CATALOGS = YES;
				MTL_ENABLE_DEBUG_INFO = INCLUDE_SOURCE;
				MTL_FAST_MATH = YES;
				ONLY_ACTIVE_ARCH = YES;
				SDKROOT = iphoneos;
				SWIFT_ACTIVE_COMPILATION_CONDITIONS = "DEBUG $(inherited)";
				SWIFT_OPTIMIZATION_LEVEL = "-Onone";
			};
			name = Debug;
		};
		323C9E482F3ED064009FDB80 /* Release */ = {
			isa = XCBuildConfiguration;
			buildSettings = {
				ALWAYS_SEARCH_USER_PATHS = NO;
				ASSETCATALOG_COMPILER_GENERATE_SWIFT_ASSET_SYMBOL_EXTENSIONS = YES;
				CLANG_ANALYZER_NONNULL = YES;
				CLANG_ANALYZER_NUMBER_OBJECT_CONVERSION = YES_AGGRESSIVE;
				CLANG_CXX_LANGUAGE_STANDARD = "gnu++20";
				CLANG_ENABLE_MODULES = YES;
				CLANG_ENABLE_OBJC_ARC = YES;
				CLANG_ENABLE_OBJC_WEAK = YES;
				CLANG_WARN_BLOCK_CAPTURE_AUTORELEASING = YES;
				CLANG_WARN_BOOL_CONVERSION = YES;
				CLANG_WARN_COMMA = YES;
				CLANG_WARN_CONSTANT_CONVERSION = YES;
				CLANG_WARN_DEPRECATED_OBJC_IMPLEMENTATIONS = YES;
				CLANG_WARN_DIRECT_OBJC_ISA_USAGE = YES_ERROR;
				CLANG_WARN_DOCUMENTATION_COMMENTS = YES;
				CLANG_WARN_EMPTY_BODY = YES;
				CLANG_WARN_ENUM_CONVERSION = YES;
				CLANG_WARN_INFINITE_RECURSION = YES;
				CLANG_WARN_INT_CONVERSION = YES;
				CLANG_WARN_NON_LITERAL_NULL_CONVERSION = YES;
				CLANG_WARN_OBJC_IMPLICIT_RETAIN_SELF = YES;
				CLANG_WARN_OBJC_LITERAL_CONVERSION = YES;
				CLANG_WARN_OBJC_ROOT_CLASS = YES_ERROR;
				CLANG_WARN_QUOTED_INCLUDE_IN_FRAMEWORK_HEADER = YES;
				CLANG_WARN_RANGE_LOOP_ANALYSIS = YES;
				CLANG_WARN_STRICT_PROTOTYPES = YES;
				CLANG_WARN_SUSPICIOUS_MOVE = YES;
				CLANG_WARN_UNGUARDED_AVAILABILITY = YES_AGGRESSIVE;
				CLANG_WARN_UNREACHABLE_CODE = YES;
				CLANG_WARN__DUPLICATE_METHOD_MATCH = YES;
				COPY_PHASE_STRIP = NO;
				DEBUG_INFORMATION_FORMAT = "dwarf-with-dsym";
				DEVELOPMENT_TEAM = 927S35949J;
				ENABLE_NS_ASSERTIONS = NO;
				ENABLE_STRICT_OBJC_MSGSEND = YES;
				ENABLE_USER_SCRIPT_SANDBOXING = YES;
				GCC_C_LANGUAGE_STANDARD = gnu17;
				GCC_NO_COMMON_BLOCKS = YES;
				GCC_WARN_64_TO_32_BIT_CONVERSION = YES;
				GCC_WARN_ABOUT_RETURN_TYPE = YES_ERROR;
				GCC_WARN_UNDECLARED_SELECTOR = YES;
				GCC_WARN_UNINITIALIZED_AUTOS = YES_AGGRESSIVE;
				GCC_WARN_UNUSED_FUNCTION = YES;
				GCC_WARN_UNUSED_VARIABLE = YES;
				IPHONEOS_DEPLOYMENT_TARGET = 26.2;
				LOCALIZATION_PREFERS_STRING_CATALOGS = YES;
				MTL_ENABLE_DEBUG_INFO = NO;
				MTL_FAST_MATH = YES;
				SDKROOT = iphoneos;
				SWIFT_COMPILATION_MODE = wholemodule;
				VALIDATE_PRODUCT = YES;
			};
			name = Release;
		};
		323C9E4A2F3ED064009FDB80 /* Debug */ = {
			isa = XCBuildConfiguration;
			buildSettings = {
				ASSETCATALOG_COMPILER_APPICON_NAME = AppIcon;
				ASSETCATALOG_COMPILER_GLOBAL_ACCENT_COLOR_NAME = AccentColor;
				CODE_SIGN_STYLE = Automatic;
				CURRENT_PROJECT_VERSION = 1;
				DEVELOPMENT_TEAM = 927S35949J;
				ENABLE_PREVIEWS = YES;
				GENERATE_INFOPLIST_FILE = YES;
				INFOPLIST_FILE = app/Info.plist;
				INFOPLIST_KEY_UIApplicationSceneManifest_Generation = YES;
				INFOPLIST_KEY_UIApplicationSupportsIndirectInputEvents = YES;
				INFOPLIST_KEY_UILaunchScreen_Generation = YES;
				INFOPLIST_KEY_UISupportedInterfaceOrientations_iPad = "UIInterfaceOrientationPortrait UIInterfaceOrientationPortraitUpsideDown UIInterfaceOrientationLandscapeLeft UIInterfaceOrientationLandscapeRight";
				INFOPLIST_KEY_UISupportedInterfaceOrientations_iPhone = "UIInterfaceOrientationPortrait UIInterfaceOrientationLandscapeLeft UIInterfaceOrientationLandscapeRight";
				LD_RUNPATH_SEARCH_PATHS = (
					"$(inherited)",
					"@executable_path/Frameworks",
				);
				MARKETING_VERSION = 1.0;
				PRODUCT_BUNDLE_IDENTIFIER = com.progression.app;
				PRODUCT_NAME = "$(TARGET_NAME)";
				STRING_CATALOG_GENERATE_SYMBOLS = YES;
				SWIFT_APPROACHABLE_CONCURRENCY = YES;
				SWIFT_DEFAULT_ACTOR_ISOLATION = MainActor;
				SWIFT_EMIT_LOC_STRINGS = YES;
				SWIFT_UPCOMING_FEATURE_MEMBER_IMPORT_VISIBILITY = YES;
				SWIFT_VERSION = 5.0;
				TARGETED_DEVICE_FAMILY = "1,2";
			};
			name = Debug;
		};
		323C9E4B2F3ED064009FDB80 /* Release */ = {
			isa = XCBuildConfiguration;
			buildSettings = {
				ASSETCATALOG_COMPILER_APPICON_NAME = AppIcon;
				ASSETCATALOG_COMPILER_GLOBAL_ACCENT_COLOR_NAME = AccentColor;
				CODE_SIGN_STYLE = Automatic;
				CURRENT_PROJECT_VERSION = 1;
				DEVELOPMENT_TEAM = 927S35949J;
				ENABLE_PREVIEWS = YES;
				GENERATE_INFOPLIST_FILE = YES;
				INFOPLIST_FILE = app/Info.plist;
				INFOPLIST_KEY_UIApplicationSceneManifest_Generation = YES;
				INFOPLIST_KEY_UIApplicationSupportsIndirectInputEvents = YES;
				INFOPLIST_KEY_UILaunchScreen_Generation = YES;
				INFOPLIST_KEY_UISupportedInterfaceOrientations_iPad = "UIInterfaceOrientationPortrait UIInterfaceOrientationPortraitUpsideDown UIInterfaceOrientationLandscapeLeft UIInterfaceOrientationLandscapeRight";
				INFOPLIST_KEY_UISupportedInterfaceOrientations_iPhone = "UIInterfaceOrientationPortrait UIInterfaceOrientationLandscapeLeft UIInterfaceOrientationLandscapeRight";
				LD_RUNPATH_SEARCH_PATHS = (
					"$(inherited)",
					"@executable_path/Frameworks",
				);
				MARKETING_VERSION = 1.0;
				PRODUCT_BUNDLE_IDENTIFIER = com.progression.app;
				PRODUCT_NAME = "$(TARGET_NAME)";
				STRING_CATALOG_GENERATE_SYMBOLS = YES;
				SWIFT_APPROACHABLE_CONCURRENCY = YES;
				SWIFT_DEFAULT_ACTOR_ISOLATION = MainActor;
				SWIFT_EMIT_LOC_STRINGS = YES;
				SWIFT_UPCOMING_FEATURE_MEMBER_IMPORT_VISIBILITY = YES;
				SWIFT_VERSION = 5.0;
				TARGETED_DEVICE_FAMILY = "1,2";
			};
			name = Release;
		};
/* End XCBuildConfiguration section */

/* Begin XCConfigurationList section */
		323C9E392F3ED062009FDB80 /* Build configuration list for PBXProject "app" */ = {
			isa = XCConfigurationList;
			buildConfigurations = (
				323C9E472F3ED064009FDB80 /* Debug */,
				323C9E482F3ED064009FDB80 /* Release */,
			);
			defaultConfigurationIsVisible = 0;
			defaultConfigurationName = Release;
		};
		323C9E492F3ED064009FDB80 /* Build configuration list for PBXNativeTarget "app" */ = {
			isa = XCConfigurationList;
			buildConfigurations = (
				323C9E4A2F3ED064009FDB80 /* Debug */,
				323C9E4B2F3ED064009FDB80 /* Release */,
			);
			defaultConfigurationIsVisible = 0;
			defaultConfigurationName = Release;
		};
/* End XCConfigurationList section */

/* Begin XCRemoteSwiftPackageReference section */
		32C59C0D2F3F4079007F625D /* XCRemoteSwiftPackageReference "GoogleSignIn-iOS" */ = {
			isa = XCRemoteSwiftPackageReference;
			repositoryURL = "https://github.com/google/GoogleSignIn-iOS";
			requirement = {
				kind = upToNextMajorVersion;
				minimumVersion = 9.1.0;
			};
		};
		32C59C182F3F7D58007F625D /* XCRemoteSwiftPackageReference "firebase-ios-sdk" */ = {
			isa = XCRemoteSwiftPackageReference;
			repositoryURL = "https://github.com/firebase/firebase-ios-sdk.git";
			requirement = {
				kind = upToNextMajorVersion;
				minimumVersion = 12.9.0;
			};
		};
/* End XCRemoteSwiftPackageReference section */

/* Begin XCSwiftPackageProductDependency section */
		32C59C0E2F3F4079007F625D /* GoogleSignIn */ = {
			isa = XCSwiftPackageProductDependency;
			package = 32C59C0D2F3F4079007F625D /* XCRemoteSwiftPackageReference "GoogleSignIn-iOS" */;
			productName = GoogleSignIn;
		};
		32C59C102F3F4079007F625D /* GoogleSignInSwift */ = {
			isa = XCSwiftPackageProductDependency;
			package = 32C59C0D2F3F4079007F625D /* XCRemoteSwiftPackageReference "GoogleSignIn-iOS" */;
			productName = GoogleSignInSwift;
		};
		32C59C142F3F7CFB007F625D /* GoogleSignIn */ = {
			isa = XCSwiftPackageProductDependency;
			package = 32C59C0D2F3F4079007F625D /* XCRemoteSwiftPackageReference "GoogleSignIn-iOS" */;
			productName = GoogleSignIn;
		};
		32C59C162F3F7CFF007F625D /* GoogleSignInSwift */ = {
			isa = XCSwiftPackageProductDependency;
			package = 32C59C0D2F3F4079007F625D /* XCRemoteSwiftPackageReference "GoogleSignIn-iOS" */;
			productName = GoogleSignInSwift;
		};
		32C59C192F3F7D69007F625D /* FirebaseAI */ = {
			isa = XCSwiftPackageProductDependency;
			package = 32C59C182F3F7D58007F625D /* XCRemoteSwiftPackageReference "firebase-ios-sdk" */;
			productName = FirebaseAI;
		};
		32C59C1B2F3F7D69007F625D /* FirebaseAILogic */ = {
			isa = XCSwiftPackageProductDependency;
			package = 32C59C182F3F7D58007F625D /* XCRemoteSwiftPackageReference "firebase-ios-sdk" */;
			productName = FirebaseAILogic;
		};
		32C59C1D2F3F7D69007F625D /* FirebaseAnalytics */ = {
			isa = XCSwiftPackageProductDependency;
			package = 32C59C182F3F7D58007F625D /* XCRemoteSwiftPackageReference "firebase-ios-sdk" */;
			productName = FirebaseAnalytics;
		};
		32C59C1F2F3F7D69007F625D /* FirebaseAnalyticsCore */ = {
			isa = XCSwiftPackageProductDependency;
			package = 32C59C182F3F7D58007F625D /* XCRemoteSwiftPackageReference "firebase-ios-sdk" */;
			productName = FirebaseAnalyticsCore;
		};
		32C59C212F3F7D69007F625D /* FirebaseAnalyticsIdentitySupport */ = {
			isa = XCSwiftPackageProductDependency;
			package = 32C59C182F3F7D58007F625D /* XCRemoteSwiftPackageReference "firebase-ios-sdk" */;
			productName = FirebaseAnalyticsIdentitySupport;
		};
		32C59C232F3F7D69007F625D /* FirebaseAppCheck */ = {
			isa = XCSwiftPackageProductDependency;
			package = 32C59C182F3F7D58007F625D /* XCRemoteSwiftPackageReference "firebase-ios-sdk" */;
			productName = FirebaseAppCheck;
		};
		32C59C252F3F7D69007F625D /* FirebaseAppDistribution-Beta */ = {
			isa = XCSwiftPackageProductDependency;
			package = 32C59C182F3F7D58007F625D /* XCRemoteSwiftPackageReference "firebase-ios-sdk" */;
			productName = "FirebaseAppDistribution-Beta";
		};
		32C59C272F3F7D69007F625D /* FirebaseAuth */ = {
			isa = XCSwiftPackageProductDependency;
			package = 32C59C182F3F7D58007F625D /* XCRemoteSwiftPackageReference "firebase-ios-sdk" */;
			productName = FirebaseAuth;
		};
		32C59C292F3F7D69007F625D /* FirebaseAuthCombine-Community */ = {
			isa = XCSwiftPackageProductDependency;
			package = 32C59C182F3F7D58007F625D /* XCRemoteSwiftPackageReference "firebase-ios-sdk" */;
			productName = "FirebaseAuthCombine-Community";
		};
		32C59C2B2F3F7D69007F625D /* FirebaseCore */ = {
			isa = XCSwiftPackageProductDependency;
			package = 32C59C182F3F7D58007F625D /* XCRemoteSwiftPackageReference "firebase-ios-sdk" */;
			productName = FirebaseCore;
		};
		32C59C2D2F3F7D69007F625D /* FirebaseCrashlytics */ = {
			isa = XCSwiftPackageProductDependency;
			package = 32C59C182F3F7D58007F625D /* XCRemoteSwiftPackageReference "firebase-ios-sdk" */;
			productName = FirebaseCrashlytics;
		};
		32C59C2F2F3F7D69007F625D /* FirebaseDatabase */ = {
			isa = XCSwiftPackageProductDependency;
			package = 32C59C182F3F7D58007F625D /* XCRemoteSwiftPackageReference "firebase-ios-sdk" */;
			productName = FirebaseDatabase;
		};
		32C59C312F3F7D69007F625D /* FirebaseFirestore */ = {
			isa = XCSwiftPackageProductDependency;
			package = 32C59C182F3F7D58007F625D /* XCRemoteSwiftPackageReference "firebase-ios-sdk" */;
			productName = FirebaseFirestore;
		};
		32C59C332F3F7D69007F625D /* FirebaseFirestoreCombine-Community */ = {
			isa = XCSwiftPackageProductDependency;
			package = 32C59C182F3F7D58007F625D /* XCRemoteSwiftPackageReference "firebase-ios-sdk" */;
			productName = "FirebaseFirestoreCombine-Community";
		};
		32C59C352F3F7D69007F625D /* FirebaseFunctions */ = {
			isa = XCSwiftPackageProductDependency;
			package = 32C59C182F3F7D58007F625D /* XCRemoteSwiftPackageReference "firebase-ios-sdk" */;
			productName = FirebaseFunctions;
		};
		32C59C372F3F7D69007F625D /* FirebaseFunctionsCombine-Community */ = {
			isa = XCSwiftPackageProductDependency;
			package = 32C59C182F3F7D58007F625D /* XCRemoteSwiftPackageReference "firebase-ios-sdk" */;
			productName = "FirebaseFunctionsCombine-Community";
		};
		32C59C392F3F7D69007F625D /* FirebaseInAppMessaging-Beta */ = {
			isa = XCSwiftPackageProductDependency;
			package = 32C59C182F3F7D58007F625D /* XCRemoteSwiftPackageReference "firebase-ios-sdk" */;
			productName = "FirebaseInAppMessaging-Beta";
		};
		32C59C3B2F3F7D69007F625D /* FirebaseInstallations */ = {
			isa = XCSwiftPackageProductDependency;
			package = 32C59C182F3F7D58007F625D /* XCRemoteSwiftPackageReference "firebase-ios-sdk" */;
			productName = FirebaseInstallations;
		};
		32C59C3D2F3F7D69007F625D /* FirebaseMLModelDownloader */ = {
			isa = XCSwiftPackageProductDependency;
			package = 32C59C182F3F7D58007F625D /* XCRemoteSwiftPackageReference "firebase-ios-sdk" */;
			productName = FirebaseMLModelDownloader;
		};
		32C59C3F2F3F7D69007F625D /* FirebaseMessaging */ = {
			isa = XCSwiftPackageProductDependency;
			package = 32C59C182F3F7D58007F625D /* XCRemoteSwiftPackageReference "firebase-ios-sdk" */;
			productName = FirebaseMessaging;
		};
		32C59C412F3F7D69007F625D /* FirebasePerformance */ = {
			isa = XCSwiftPackageProductDependency;
			package = 32C59C182F3F7D58007F625D /* XCRemoteSwiftPackageReference "firebase-ios-sdk" */;
			productName = FirebasePerformance;
		};
		32C59C432F3F7D69007F625D /* FirebaseRemoteConfig */ = {
			isa = XCSwiftPackageProductDependency;
			package = 32C59C182F3F7D58007F625D /* XCRemoteSwiftPackageReference "firebase-ios-sdk" */;
			productName = FirebaseRemoteConfig;
		};
		32C59C452F3F7D69007F625D /* FirebaseStorage */ = {
			isa = XCSwiftPackageProductDependency;
			package = 32C59C182F3F7D58007F625D /* XCRemoteSwiftPackageReference "firebase-ios-sdk" */;
			productName = FirebaseStorage;
		};
		32C59C472F3F7D69007F625D /* FirebaseStorageCombine-Community */ = {
			isa = XCSwiftPackageProductDependency;
			package = 32C59C182F3F7D58007F625D /* XCRemoteSwiftPackageReference "firebase-ios-sdk" */;
			productName = "FirebaseStorageCombine-Community";
		};
		32C59C4A2F3F7DCB007F625D /* FirebaseAI */ = {
			isa = XCSwiftPackageProductDependency;
			package = 32C59C182F3F7D58007F625D /* XCRemoteSwiftPackageReference "firebase-ios-sdk" */;
			productName = FirebaseAI;
		};
		32C59C4C2F3F7DCB007F625D /* FirebaseAILogic */ = {
			isa = XCSwiftPackageProductDependency;
			package = 32C59C182F3F7D58007F625D /* XCRemoteSwiftPackageReference "firebase-ios-sdk" */;
			productName = FirebaseAILogic;
		};
		32C59C4E2F3F7DCB007F625D /* FirebaseAnalytics */ = {
			isa = XCSwiftPackageProductDependency;
			package = 32C59C182F3F7D58007F625D /* XCRemoteSwiftPackageReference "firebase-ios-sdk" */;
			productName = FirebaseAnalytics;
		};
		32C59C502F3F7DCB007F625D /* FirebaseAnalyticsCore */ = {
			isa = XCSwiftPackageProductDependency;
			package = 32C59C182F3F7D58007F625D /* XCRemoteSwiftPackageReference "firebase-ios-sdk" */;
			productName = FirebaseAnalyticsCore;
		};
		32C59C522F3F7DCB007F625D /* FirebaseAnalyticsIdentitySupport */ = {
			isa = XCSwiftPackageProductDependency;
			package = 32C59C182F3F7D58007F625D /* XCRemoteSwiftPackageReference "firebase-ios-sdk" */;
			productName = FirebaseAnalyticsIdentitySupport;
		};
		32C59C542F3F7DCB007F625D /* FirebaseAppCheck */ = {
			isa = XCSwiftPackageProductDependency;
			package = 32C59C182F3F7D58007F625D /* XCRemoteSwiftPackageReference "firebase-ios-sdk" */;
			productName = FirebaseAppCheck;
		};
		32C59C562F3F7DCB007F625D /* FirebaseAppDistribution-Beta */ = {
			isa = XCSwiftPackageProductDependency;
			package = 32C59C182F3F7D58007F625D /* XCRemoteSwiftPackageReference "firebase-ios-sdk" */;
			productName = "FirebaseAppDistribution-Beta";
		};
		32C59C582F3F7DCB007F625D /* FirebaseAuth */ = {
			isa = XCSwiftPackageProductDependency;
			package = 32C59C182F3F7D58007F625D /* XCRemoteSwiftPackageReference "firebase-ios-sdk" */;
			productName = FirebaseAuth;
		};
		32C59C5A2F3F7DCB007F625D /* FirebaseAuthCombine-Community */ = {
			isa = XCSwiftPackageProductDependency;
			package = 32C59C182F3F7D58007F625D /* XCRemoteSwiftPackageReference "firebase-ios-sdk" */;
			productName = "FirebaseAuthCombine-Community";
		};
		32C59C5C2F3F7DCB007F625D /* FirebaseCore */ = {
			isa = XCSwiftPackageProductDependency;
			package = 32C59C182F3F7D58007F625D /* XCRemoteSwiftPackageReference "firebase-ios-sdk" */;
			productName = FirebaseCore;
		};
		32C59C5E2F3F7DCB007F625D /* FirebaseCrashlytics */ = {
			isa = XCSwiftPackageProductDependency;
			package = 32C59C182F3F7D58007F625D /* XCRemoteSwiftPackageReference "firebase-ios-sdk" */;
			productName = FirebaseCrashlytics;
		};
		32C59C602F3F7DCB007F625D /* FirebaseDatabase */ = {
			isa = XCSwiftPackageProductDependency;
			package = 32C59C182F3F7D58007F625D /* XCRemoteSwiftPackageReference "firebase-ios-sdk" */;
			productName = FirebaseDatabase;
		};
		32C59C622F3F7DCB007F625D /* FirebaseFirestore */ = {
			isa = XCSwiftPackageProductDependency;
			package = 32C59C182F3F7D58007F625D /* XCRemoteSwiftPackageReference "firebase-ios-sdk" */;
			productName = FirebaseFirestore;
		};
		32C59C642F3F7DCB007F625D /* FirebaseFirestoreCombine-Community */ = {
			isa = XCSwiftPackageProductDependency;
			package = 32C59C182F3F7D58007F625D /* XCRemoteSwiftPackageReference "firebase-ios-sdk" */;
			productName = "FirebaseFirestoreCombine-Community";
		};
		32C59C662F3F7DCB007F625D /* FirebaseFunctions */ = {
			isa = XCSwiftPackageProductDependency;
			package = 32C59C182F3F7D58007F625D /* XCRemoteSwiftPackageReference "firebase-ios-sdk" */;
			productName = FirebaseFunctions;
		};
		32C59C682F3F7DCB007F625D /* FirebaseFunctionsCombine-Community */ = {
			isa = XCSwiftPackageProductDependency;
			package = 32C59C182F3F7D58007F625D /* XCRemoteSwiftPackageReference "firebase-ios-sdk" */;
			productName = "FirebaseFunctionsCombine-Community";
		};
		32C59C6A2F3F7DCB007F625D /* FirebaseInAppMessaging-Beta */ = {
			isa = XCSwiftPackageProductDependency;
			package = 32C59C182F3F7D58007F625D /* XCRemoteSwiftPackageReference "firebase-ios-sdk" */;
			productName = "FirebaseInAppMessaging-Beta";
		};
		32C59C6C2F3F7DCB007F625D /* FirebaseInstallations */ = {
			isa = XCSwiftPackageProductDependency;
			package = 32C59C182F3F7D58007F625D /* XCRemoteSwiftPackageReference "firebase-ios-sdk" */;
			productName = FirebaseInstallations;
		};
		32C59C6E2F3F7DCB007F625D /* FirebaseMessaging */ = {
			isa = XCSwiftPackageProductDependency;
			package = 32C59C182F3F7D58007F625D /* XCRemoteSwiftPackageReference "firebase-ios-sdk" */;
			productName = FirebaseMessaging;
		};
		32C59C702F3F7DCB007F625D /* FirebaseMLModelDownloader */ = {
			isa = XCSwiftPackageProductDependency;
			package = 32C59C182F3F7D58007F625D /* XCRemoteSwiftPackageReference "firebase-ios-sdk" */;
			productName = FirebaseMLModelDownloader;
		};
		32C59C722F3F7DCB007F625D /* FirebasePerformance */ = {
			isa = XCSwiftPackageProductDependency;
			package = 32C59C182F3F7D58007F625D /* XCRemoteSwiftPackageReference "firebase-ios-sdk" */;
			productName = FirebasePerformance;
		};
		32C59C742F3F7DCB007F625D /* FirebaseRemoteConfig */ = {
			isa = XCSwiftPackageProductDependency;
			package = 32C59C182F3F7D58007F625D /* XCRemoteSwiftPackageReference "firebase-ios-sdk" */;
			productName = FirebaseRemoteConfig;
		};
		32C59C762F3F7DCB007F625D /* FirebaseStorage */ = {
			isa = XCSwiftPackageProductDependency;
			package = 32C59C182F3F7D58007F625D /* XCRemoteSwiftPackageReference "firebase-ios-sdk" */;
			productName = FirebaseStorage;
		};
		32C59C782F3F7DCB007F625D /* FirebaseStorageCombine-Community */ = {
			isa = XCSwiftPackageProductDependency;
			package = 32C59C182F3F7D58007F625D /* XCRemoteSwiftPackageReference "firebase-ios-sdk" */;
			productName = "FirebaseStorageCombine-Community";
		};
/* End XCSwiftPackageProductDependency section */
	};
	rootObject = 323C9E362F3ED062009FDB80 /* Project object */;
}
